// !$*UTF8*$!
{
	archiveVersion = 1;
	classes = {
	};
	objectVersion = 46;
	objects = {

/* Begin PBXBuildFile section */
		990EE19D1ED710F500F1FB23 /* allcodecs.c in Sources */ = {isa = PBXBuildFile; fileRef = 990EE1761ED710F500F1FB23 /* allcodecs.c */; };
		990EE19E1ED710F500F1FB23 /* allformats.c in Sources */ = {isa = PBXBuildFile; fileRef = 990EE1771ED710F500F1FB23 /* allformats.c */; };
		990EE19F1ED710F500F1FB23 /* asf.c in Sources */ = {isa = PBXBuildFile; fileRef = 990EE1781ED710F500F1FB23 /* asf.c */; };
		990EE1A01ED710F500F1FB23 /* Audio.c in Sources */ = {isa = PBXBuildFile; fileRef = 990EE1791ED710F500F1FB23 /* Audio.c */; };
		990EE1A11ED710F500F1FB23 /* Audio.h in Headers */ = {isa = PBXBuildFile; fileRef = 990EE17A1ED710F500F1FB23 /* Audio.h */; };
		990EE1A21ED710F500F1FB23 /* avcodec.h in Headers */ = {isa = PBXBuildFile; fileRef = 990EE17B1ED710F500F1FB23 /* avcodec.h */; };
		990EE1A31ED710F500F1FB23 /* avformat.h in Headers */ = {isa = PBXBuildFile; fileRef = 990EE17C1ED710F500F1FB23 /* avformat.h */; };
		990EE1A41ED710F500F1FB23 /* avi.h in Headers */ = {isa = PBXBuildFile; fileRef = 990EE17D1ED710F500F1FB23 /* avi.h */; };
		990EE1A51ED710F500F1FB23 /* avio.c in Sources */ = {isa = PBXBuildFile; fileRef = 990EE17E1ED710F500F1FB23 /* avio.c */; };
		990EE1A61ED710F500F1FB23 /* avio.h in Headers */ = {isa = PBXBuildFile; fileRef = 990EE17F1ED710F500F1FB23 /* avio.h */; };
		990EE1A71ED710F500F1FB23 /* aviobuf.c in Sources */ = {isa = PBXBuildFile; fileRef = 990EE1801ED710F500F1FB23 /* aviobuf.c */; };
		990EE1A81ED710F500F1FB23 /* bswap.h in Headers */ = {isa = PBXBuildFile; fileRef = 990EE1811ED710F500F1FB23 /* bswap.h */; };
		990EE1A91ED710F500F1FB23 /* common.c in Sources */ = {isa = PBXBuildFile; fileRef = 990EE1821ED710F500F1FB23 /* common.c */; };
		990EE1AA1ED710F500F1FB23 /* common.h in Headers */ = {isa = PBXBuildFile; fileRef = 990EE1831ED710F500F1FB23 /* common.h */; };
		990EE1AB1ED710F500F1FB23 /* config.h in Headers */ = {isa = PBXBuildFile; fileRef = 990EE1841ED710F500F1FB23 /* config.h */; };
		990EE1AC1ED710F500F1FB23 /* cutils.c in Sources */ = {isa = PBXBuildFile; fileRef = 990EE1851ED710F500F1FB23 /* cutils.c */; };
		990EE1AD1ED710F500F1FB23 /* dsputil.c in Sources */ = {isa = PBXBuildFile; fileRef = 990EE1861ED710F500F1FB23 /* dsputil.c */; };
		990EE1AE1ED710F500F1FB23 /* dsputil.h in Headers */ = {isa = PBXBuildFile; fileRef = 990EE1871ED710F500F1FB23 /* dsputil.h */; };
		990EE1AF1ED710F500F1FB23 /* error_resilience.c in Sources */ = {isa = PBXBuildFile; fileRef = 990EE1881ED710F500F1FB23 /* error_resilience.c */; };
		990EE1B01ED710F500F1FB23 /* fft.c in Sources */ = {isa = PBXBuildFile; fileRef = 990EE1891ED710F500F1FB23 /* fft.c */; };
		990EE1B11ED710F500F1FB23 /* file.c in Sources */ = {isa = PBXBuildFile; fileRef = 990EE18A1ED710F500F1FB23 /* file.c */; };
		990EE1B21ED710F500F1FB23 /* futils.c in Sources */ = {isa = PBXBuildFile; fileRef = 990EE18B1ED710F500F1FB23 /* futils.c */; };
		990EE1B31ED710F500F1FB23 /* imgconvert.c in Sources */ = {isa = PBXBuildFile; fileRef = 990EE18C1ED710F500F1FB23 /* imgconvert.c */; };
		990EE1B41ED710F500F1FB23 /* jrevdct.c in Sources */ = {isa = PBXBuildFile; fileRef = 990EE18D1ED710F500F1FB23 /* jrevdct.c */; };
		990EE1B51ED710F500F1FB23 /* mdct.c in Sources */ = {isa = PBXBuildFile; fileRef = 990EE18E1ED710F500F1FB23 /* mdct.c */; };
		990EE1B61ED710F500F1FB23 /* mem.c in Sources */ = {isa = PBXBuildFile; fileRef = 990EE18F1ED710F500F1FB23 /* mem.c */; };
		990EE1B71ED710F500F1FB23 /* mpegvideo.c in Sources */ = {isa = PBXBuildFile; fileRef = 990EE1901ED710F500F1FB23 /* mpegvideo.c */; };
		990EE1B81ED710F500F1FB23 /* mpegvideo.h in Headers */ = {isa = PBXBuildFile; fileRef = 990EE1911ED710F500F1FB23 /* mpegvideo.h */; };
		990EE1B91ED710F500F1FB23 /* os_support.h in Headers */ = {isa = PBXBuildFile; fileRef = 990EE1921ED710F500F1FB23 /* os_support.h */; };
		990EE1BA1ED710F500F1FB23 /* parser.c in Sources */ = {isa = PBXBuildFile; fileRef = 990EE1931ED710F500F1FB23 /* parser.c */; };
		990EE1BB1ED710F500F1FB23 /* rational.h in Headers */ = {isa = PBXBuildFile; fileRef = 990EE1941ED710F500F1FB23 /* rational.h */; };
		990EE1BC1ED710F500F1FB23 /* simple_idct.c in Sources */ = {isa = PBXBuildFile; fileRef = 990EE1951ED710F500F1FB23 /* simple_idct.c */; };
		990EE1BD1ED710F500F1FB23 /* simple_idct.h in Headers */ = {isa = PBXBuildFile; fileRef = 990EE1961ED710F500F1FB23 /* simple_idct.h */; };
		990EE1BE1ED710F500F1FB23 /* svq3.c in Sources */ = {isa = PBXBuildFile; fileRef = 990EE1971ED710F500F1FB23 /* svq3.c */; };
		990EE1BF1ED710F500F1FB23 /* utils.c in Sources */ = {isa = PBXBuildFile; fileRef = 990EE1981ED710F500F1FB23 /* utils.c */; };
		990EE1C01ED710F500F1FB23 /* vp3data.h in Headers */ = {isa = PBXBuildFile; fileRef = 990EE1991ED710F500F1FB23 /* vp3data.h */; };
		990EE1C11ED710F500F1FB23 /* vp3dsp.c in Sources */ = {isa = PBXBuildFile; fileRef = 990EE19A1ED710F500F1FB23 /* vp3dsp.c */; };
		990EE1C21ED710F500F1FB23 /* wmadata.h in Headers */ = {isa = PBXBuildFile; fileRef = 990EE19B1ED710F500F1FB23 /* wmadata.h */; };
		990EE1C31ED710F500F1FB23 /* wmadec.c in Sources */ = {isa = PBXBuildFile; fileRef = 990EE19C1ED710F500F1FB23 /* wmadec.c */; };
		990EE1CB1ED7127200F1FB23 /* main.c in Sources */ = {isa = PBXBuildFile; fileRef = 990EE1CA1ED7127200F1FB23 /* main.c */; };
/* End PBXBuildFile section */

/* Begin PBXCopyFilesBuildPhase section */
		990EE1C61ED7127200F1FB23 /* CopyFiles */ = {
			isa = PBXCopyFilesBuildPhase;
			buildActionMask = 2147483647;
			dstPath = /usr/share/man/man1/;
			dstSubfolderSpec = 0;
			files = (
			);
			runOnlyForDeploymentPostprocessing = 1;
		};
/* End PBXCopyFilesBuildPhase section */

/* Begin PBXFileReference section */
		990EE10F1ED6DB2E00F1FB23 /* libWmaDecoder.dylib */ = {isa = PBXFileReference; explicitFileType = "compiled.mach-o.dylib"; includeInIndex = 0; path = libWmaDecoder.dylib; sourceTree = BUILT_PRODUCTS_DIR; };
		990EE1761ED710F500F1FB23 /* allcodecs.c */ = {isa = PBXFileReference; fileEncoding = 4; lastKnownFileType = sourcecode.c.c; name = allcodecs.c; path = WmaDecoder/allcodecs.c; sourceTree = SOURCE_ROOT; };
		990EE1771ED710F500F1FB23 /* allformats.c */ = {isa = PBXFileReference; fileEncoding = 4; lastKnownFileType = sourcecode.c.c; name = allformats.c; path = WmaDecoder/allformats.c; sourceTree = SOURCE_ROOT; };
		990EE1781ED710F500F1FB23 /* asf.c */ = {isa = PBXFileReference; fileEncoding = 4; lastKnownFileType = sourcecode.c.c; name = asf.c; path = WmaDecoder/asf.c; sourceTree = SOURCE_ROOT; };
		990EE1791ED710F500F1FB23 /* Audio.c */ = {isa = PBXFileReference; fileEncoding = 4; lastKnownFileType = sourcecode.c.c; name = Audio.c; path = WmaDecoder/Audio.c; sourceTree = SOURCE_ROOT; };
		990EE17A1ED710F500F1FB23 /* Audio.h */ = {isa = PBXFileReference; fileEncoding = 4; lastKnownFileType = sourcecode.c.h; name = Audio.h; path = WmaDecoder/Audio.h; sourceTree = SOURCE_ROOT; };
		990EE17B1ED710F500F1FB23 /* avcodec.h */ = {isa = PBXFileReference; fileEncoding = 4; lastKnownFileType = sourcecode.c.h; name = avcodec.h; path = WmaDecoder/avcodec.h; sourceTree = SOURCE_ROOT; };
		990EE17C1ED710F500F1FB23 /* avformat.h */ = {isa = PBXFileReference; fileEncoding = 4; lastKnownFileType = sourcecode.c.h; name = avformat.h; path = WmaDecoder/avformat.h; sourceTree = SOURCE_ROOT; };
		990EE17D1ED710F500F1FB23 /* avi.h */ = {isa = PBXFileReference; fileEncoding = 4; lastKnownFileType = sourcecode.c.h; name = avi.h; path = WmaDecoder/avi.h; sourceTree = SOURCE_ROOT; };
		990EE17E1ED710F500F1FB23 /* avio.c */ = {isa = PBXFileReference; fileEncoding = 4; lastKnownFileType = sourcecode.c.c; name = avio.c; path = WmaDecoder/avio.c; sourceTree = SOURCE_ROOT; };
		990EE17F1ED710F500F1FB23 /* avio.h */ = {isa = PBXFileReference; fileEncoding = 4; lastKnownFileType = sourcecode.c.h; name = avio.h; path = WmaDecoder/avio.h; sourceTree = SOURCE_ROOT; };
		990EE1801ED710F500F1FB23 /* aviobuf.c */ = {isa = PBXFileReference; fileEncoding = 4; lastKnownFileType = sourcecode.c.c; name = aviobuf.c; path = WmaDecoder/aviobuf.c; sourceTree = SOURCE_ROOT; };
		990EE1811ED710F500F1FB23 /* bswap.h */ = {isa = PBXFileReference; fileEncoding = 4; lastKnownFileType = sourcecode.c.h; name = bswap.h; path = WmaDecoder/bswap.h; sourceTree = SOURCE_ROOT; };
		990EE1821ED710F500F1FB23 /* common.c */ = {isa = PBXFileReference; fileEncoding = 4; lastKnownFileType = sourcecode.c.c; name = common.c; path = WmaDecoder/common.c; sourceTree = SOURCE_ROOT; };
		990EE1831ED710F500F1FB23 /* common.h */ = {isa = PBXFileReference; fileEncoding = 4; lastKnownFileType = sourcecode.c.h; name = common.h; path = WmaDecoder/common.h; sourceTree = SOURCE_ROOT; };
		990EE1841ED710F500F1FB23 /* config.h */ = {isa = PBXFileReference; fileEncoding = 4; lastKnownFileType = sourcecode.c.h; name = config.h; path = WmaDecoder/config.h; sourceTree = SOURCE_ROOT; };
		990EE1851ED710F500F1FB23 /* cutils.c */ = {isa = PBXFileReference; fileEncoding = 4; lastKnownFileType = sourcecode.c.c; name = cutils.c; path = WmaDecoder/cutils.c; sourceTree = SOURCE_ROOT; };
		990EE1861ED710F500F1FB23 /* dsputil.c */ = {isa = PBXFileReference; fileEncoding = 4; lastKnownFileType = sourcecode.c.c; name = dsputil.c; path = WmaDecoder/dsputil.c; sourceTree = SOURCE_ROOT; };
		990EE1871ED710F500F1FB23 /* dsputil.h */ = {isa = PBXFileReference; fileEncoding = 4; lastKnownFileType = sourcecode.c.h; name = dsputil.h; path = WmaDecoder/dsputil.h; sourceTree = SOURCE_ROOT; };
		990EE1881ED710F500F1FB23 /* error_resilience.c */ = {isa = PBXFileReference; fileEncoding = 4; lastKnownFileType = sourcecode.c.c; name = error_resilience.c; path = WmaDecoder/error_resilience.c; sourceTree = SOURCE_ROOT; };
		990EE1891ED710F500F1FB23 /* fft.c */ = {isa = PBXFileReference; fileEncoding = 4; lastKnownFileType = sourcecode.c.c; name = fft.c; path = WmaDecoder/fft.c; sourceTree = SOURCE_ROOT; };
		990EE18A1ED710F500F1FB23 /* file.c */ = {isa = PBXFileReference; fileEncoding = 4; lastKnownFileType = sourcecode.c.c; name = file.c; path = WmaDecoder/file.c; sourceTree = SOURCE_ROOT; };
		990EE18B1ED710F500F1FB23 /* futils.c */ = {isa = PBXFileReference; fileEncoding = 4; lastKnownFileType = sourcecode.c.c; name = futils.c; path = WmaDecoder/futils.c; sourceTree = SOURCE_ROOT; };
		990EE18C1ED710F500F1FB23 /* imgconvert.c */ = {isa = PBXFileReference; fileEncoding = 4; lastKnownFileType = sourcecode.c.c; name = imgconvert.c; path = WmaDecoder/imgconvert.c; sourceTree = SOURCE_ROOT; };
		990EE18D1ED710F500F1FB23 /* jrevdct.c */ = {isa = PBXFileReference; fileEncoding = 4; lastKnownFileType = sourcecode.c.c; name = jrevdct.c; path = WmaDecoder/jrevdct.c; sourceTree = SOURCE_ROOT; };
		990EE18E1ED710F500F1FB23 /* mdct.c */ = {isa = PBXFileReference; fileEncoding = 4; lastKnownFileType = sourcecode.c.c; name = mdct.c; path = WmaDecoder/mdct.c; sourceTree = SOURCE_ROOT; };
		990EE18F1ED710F500F1FB23 /* mem.c */ = {isa = PBXFileReference; fileEncoding = 4; lastKnownFileType = sourcecode.c.c; name = mem.c; path = WmaDecoder/mem.c; sourceTree = SOURCE_ROOT; };
		990EE1901ED710F500F1FB23 /* mpegvideo.c */ = {isa = PBXFileReference; fileEncoding = 4; lastKnownFileType = sourcecode.c.c; name = mpegvideo.c; path = WmaDecoder/mpegvideo.c; sourceTree = SOURCE_ROOT; };
		990EE1911ED710F500F1FB23 /* mpegvideo.h */ = {isa = PBXFileReference; fileEncoding = 4; lastKnownFileType = sourcecode.c.h; name = mpegvideo.h; path = WmaDecoder/mpegvideo.h; sourceTree = SOURCE_ROOT; };
		990EE1921ED710F500F1FB23 /* os_support.h */ = {isa = PBXFileReference; fileEncoding = 4; lastKnownFileType = sourcecode.c.h; name = os_support.h; path = WmaDecoder/os_support.h; sourceTree = SOURCE_ROOT; };
		990EE1931ED710F500F1FB23 /* parser.c */ = {isa = PBXFileReference; fileEncoding = 4; lastKnownFileType = sourcecode.c.c; name = parser.c; path = WmaDecoder/parser.c; sourceTree = SOURCE_ROOT; };
		990EE1941ED710F500F1FB23 /* rational.h */ = {isa = PBXFileReference; fileEncoding = 4; lastKnownFileType = sourcecode.c.h; name = rational.h; path = WmaDecoder/rational.h; sourceTree = SOURCE_ROOT; };
		990EE1951ED710F500F1FB23 /* simple_idct.c */ = {isa = PBXFileReference; fileEncoding = 4; lastKnownFileType = sourcecode.c.c; name = simple_idct.c; path = WmaDecoder/simple_idct.c; sourceTree = SOURCE_ROOT; };
		990EE1961ED710F500F1FB23 /* simple_idct.h */ = {isa = PBXFileReference; fileEncoding = 4; lastKnownFileType = sourcecode.c.h; name = simple_idct.h; path = WmaDecoder/simple_idct.h; sourceTree = SOURCE_ROOT; };
		990EE1971ED710F500F1FB23 /* svq3.c */ = {isa = PBXFileReference; fileEncoding = 4; lastKnownFileType = sourcecode.c.c; name = svq3.c; path = WmaDecoder/svq3.c; sourceTree = SOURCE_ROOT; };
		990EE1981ED710F500F1FB23 /* utils.c */ = {isa = PBXFileReference; fileEncoding = 4; lastKnownFileType = sourcecode.c.c; name = utils.c; path = WmaDecoder/utils.c; sourceTree = SOURCE_ROOT; };
		990EE1991ED710F500F1FB23 /* vp3data.h */ = {isa = PBXFileReference; fileEncoding = 4; lastKnownFileType = sourcecode.c.h; name = vp3data.h; path = WmaDecoder/vp3data.h; sourceTree = SOURCE_ROOT; };
		990EE19A1ED710F500F1FB23 /* vp3dsp.c */ = {isa = PBXFileReference; fileEncoding = 4; lastKnownFileType = sourcecode.c.c; name = vp3dsp.c; path = WmaDecoder/vp3dsp.c; sourceTree = SOURCE_ROOT; };
		990EE19B1ED710F500F1FB23 /* wmadata.h */ = {isa = PBXFileReference; fileEncoding = 4; lastKnownFileType = sourcecode.c.h; name = wmadata.h; path = WmaDecoder/wmadata.h; sourceTree = SOURCE_ROOT; };
		990EE19C1ED710F500F1FB23 /* wmadec.c */ = {isa = PBXFileReference; fileEncoding = 4; lastKnownFileType = sourcecode.c.c; name = wmadec.c; path = WmaDecoder/wmadec.c; sourceTree = SOURCE_ROOT; };
		990EE1C81ED7127200F1FB23 /* WmaDecoderTest */ = {isa = PBXFileReference; explicitFileType = "compiled.mach-o.executable"; includeInIndex = 0; path = WmaDecoderTest; sourceTree = BUILT_PRODUCTS_DIR; };
		990EE1CA1ED7127200F1FB23 /* main.c */ = {isa = PBXFileReference; lastKnownFileType = sourcecode.c.c; path = main.c; sourceTree = "<group>"; };
/* End PBXFileReference section */

/* Begin PBXFrameworksBuildPhase section */
		990EE10C1ED6DB2E00F1FB23 /* Frameworks */ = {
			isa = PBXFrameworksBuildPhase;
			buildActionMask = 2147483647;
			files = (
			);
			runOnlyForDeploymentPostprocessing = 0;
		};
		990EE1C51ED7127200F1FB23 /* Frameworks */ = {
			isa = PBXFrameworksBuildPhase;
			buildActionMask = 2147483647;
			files = (
			);
			runOnlyForDeploymentPostprocessing = 0;
		};
/* End PBXFrameworksBuildPhase section */

/* Begin PBXGroup section */
		990EE1061ED6DB2E00F1FB23 = {
			isa = PBXGroup;
			children = (
				990EE11B1ED6DB4B00F1FB23 /* WmaDecoder */,
				990EE1C91ED7127200F1FB23 /* WmaDecoderTest */,
				990EE1101ED6DB2E00F1FB23 /* Products */,
			);
			sourceTree = "<group>";
		};
		990EE1101ED6DB2E00F1FB23 /* Products */ = {
			isa = PBXGroup;
			children = (
				990EE10F1ED6DB2E00F1FB23 /* libWmaDecoder.dylib */,
				990EE1C81ED7127200F1FB23 /* WmaDecoderTest */,
			);
			name = Products;
			sourceTree = "<group>";
		};
		990EE11B1ED6DB4B00F1FB23 /* WmaDecoder */ = {
			isa = PBXGroup;
			children = (
				990EE1761ED710F500F1FB23 /* allcodecs.c */,
				990EE1771ED710F500F1FB23 /* allformats.c */,
				990EE1781ED710F500F1FB23 /* asf.c */,
				990EE1791ED710F500F1FB23 /* Audio.c */,
				990EE17A1ED710F500F1FB23 /* Audio.h */,
				990EE17B1ED710F500F1FB23 /* avcodec.h */,
				990EE17C1ED710F500F1FB23 /* avformat.h */,
				990EE17D1ED710F500F1FB23 /* avi.h */,
				990EE17E1ED710F500F1FB23 /* avio.c */,
				990EE17F1ED710F500F1FB23 /* avio.h */,
				990EE1801ED710F500F1FB23 /* aviobuf.c */,
				990EE1811ED710F500F1FB23 /* bswap.h */,
				990EE1821ED710F500F1FB23 /* common.c */,
				990EE1831ED710F500F1FB23 /* common.h */,
				990EE1841ED710F500F1FB23 /* config.h */,
				990EE1851ED710F500F1FB23 /* cutils.c */,
				990EE1861ED710F500F1FB23 /* dsputil.c */,
				990EE1871ED710F500F1FB23 /* dsputil.h */,
				990EE1881ED710F500F1FB23 /* error_resilience.c */,
				990EE1891ED710F500F1FB23 /* fft.c */,
				990EE18A1ED710F500F1FB23 /* file.c */,
				990EE18B1ED710F500F1FB23 /* futils.c */,
				990EE18C1ED710F500F1FB23 /* imgconvert.c */,
				990EE18D1ED710F500F1FB23 /* jrevdct.c */,
				990EE18E1ED710F500F1FB23 /* mdct.c */,
				990EE18F1ED710F500F1FB23 /* mem.c */,
				990EE1901ED710F500F1FB23 /* mpegvideo.c */,
				990EE1911ED710F500F1FB23 /* mpegvideo.h */,
				990EE1921ED710F500F1FB23 /* os_support.h */,
				990EE1931ED710F500F1FB23 /* parser.c */,
				990EE1941ED710F500F1FB23 /* rational.h */,
				990EE1951ED710F500F1FB23 /* simple_idct.c */,
				990EE1961ED710F500F1FB23 /* simple_idct.h */,
				990EE1971ED710F500F1FB23 /* svq3.c */,
				990EE1981ED710F500F1FB23 /* utils.c */,
				990EE1991ED710F500F1FB23 /* vp3data.h */,
				990EE19A1ED710F500F1FB23 /* vp3dsp.c */,
				990EE19B1ED710F500F1FB23 /* wmadata.h */,
				990EE19C1ED710F500F1FB23 /* wmadec.c */,
			);
			name = WmaDecoder;
			path = wmadecoder2/wma_decoder;
			sourceTree = "<group>";
		};
		990EE1C91ED7127200F1FB23 /* WmaDecoderTest */ = {
			isa = PBXGroup;
			children = (
				990EE1CA1ED7127200F1FB23 /* main.c */,
			);
			path = WmaDecoderTest;
			sourceTree = "<group>";
		};
/* End PBXGroup section */

/* Begin PBXHeadersBuildPhase section */
		990EE10D1ED6DB2E00F1FB23 /* Headers */ = {
			isa = PBXHeadersBuildPhase;
			buildActionMask = 2147483647;
			files = (
				990EE1C01ED710F500F1FB23 /* vp3data.h in Headers */,
				990EE1C21ED710F500F1FB23 /* wmadata.h in Headers */,
				990EE1A81ED710F500F1FB23 /* bswap.h in Headers */,
				990EE1BD1ED710F500F1FB23 /* simple_idct.h in Headers */,
				990EE1B81ED710F500F1FB23 /* mpegvideo.h in Headers */,
				990EE1B91ED710F500F1FB23 /* os_support.h in Headers */,
				990EE1A61ED710F500F1FB23 /* avio.h in Headers */,
				990EE1A21ED710F500F1FB23 /* avcodec.h in Headers */,
				990EE1A31ED710F500F1FB23 /* avformat.h in Headers */,
				990EE1BB1ED710F500F1FB23 /* rational.h in Headers */,
				990EE1AB1ED710F500F1FB23 /* config.h in Headers */,
				990EE1A11ED710F500F1FB23 /* Audio.h in Headers */,
				990EE1AA1ED710F500F1FB23 /* common.h in Headers */,
				990EE1AE1ED710F500F1FB23 /* dsputil.h in Headers */,
				990EE1A41ED710F500F1FB23 /* avi.h in Headers */,
			);
			runOnlyForDeploymentPostprocessing = 0;
		};
/* End PBXHeadersBuildPhase section */

/* Begin PBXNativeTarget section */
		990EE10E1ED6DB2E00F1FB23 /* WmaDecoder */ = {
			isa = PBXNativeTarget;
			buildConfigurationList = 990EE1181ED6DB2E00F1FB23 /* Build configuration list for PBXNativeTarget "WmaDecoder" */;
			buildPhases = (
				990EE10B1ED6DB2E00F1FB23 /* Sources */,
				990EE10C1ED6DB2E00F1FB23 /* Frameworks */,
				990EE10D1ED6DB2E00F1FB23 /* Headers */,
			);
			buildRules = (
			);
			dependencies = (
			);
			name = WmaDecoder;
			productName = WmaDecoder;
			productReference = 990EE10F1ED6DB2E00F1FB23 /* libWmaDecoder.dylib */;
			productType = "com.apple.product-type.library.dynamic";
		};
		990EE1C71ED7127200F1FB23 /* WmaDecoderTest */ = {
			isa = PBXNativeTarget;
			buildConfigurationList = 990EE1CE1ED7127200F1FB23 /* Build configuration list for PBXNativeTarget "WmaDecoderTest" */;
			buildPhases = (
				990EE1C41ED7127200F1FB23 /* Sources */,
				990EE1C51ED7127200F1FB23 /* Frameworks */,
				990EE1C61ED7127200F1FB23 /* CopyFiles */,
			);
			buildRules = (
			);
			dependencies = (
			);
			name = WmaDecoderTest;
			productName = WmaDecoderTest;
			productReference = 990EE1C81ED7127200F1FB23 /* WmaDecoderTest */;
			productType = "com.apple.product-type.tool";
		};
/* End PBXNativeTarget section */

/* Begin PBXProject section */
		990EE1071ED6DB2E00F1FB23 /* Project object */ = {
			isa = PBXProject;
			attributes = {
				LastUpgradeCheck = 0830;
				ORGANIZATIONNAME = "c++";
				TargetAttributes = {
					990EE10E1ED6DB2E00F1FB23 = {
						CreatedOnToolsVersion = 8.3.2;
						DevelopmentTeam = BTYMLC65YS;
						ProvisioningStyle = Automatic;
					};
					990EE1C71ED7127200F1FB23 = {
						CreatedOnToolsVersion = 8.3.2;
						DevelopmentTeam = BTYMLC65YS;
						ProvisioningStyle = Automatic;
					};
				};
			};
			buildConfigurationList = 990EE10A1ED6DB2E00F1FB23 /* Build configuration list for PBXProject "WmaDecoder" */;
			compatibilityVersion = "Xcode 3.2";
			developmentRegion = English;
			hasScannedForEncodings = 0;
			knownRegions = (
				en,
			);
			mainGroup = 990EE1061ED6DB2E00F1FB23;
			productRefGroup = 990EE1101ED6DB2E00F1FB23 /* Products */;
			projectDirPath = "";
			projectRoot = "";
			targets = (
				990EE10E1ED6DB2E00F1FB23 /* WmaDecoder */,
				990EE1C71ED7127200F1FB23 /* WmaDecoderTest */,
			);
		};
/* End PBXProject section */

/* Begin PBXSourcesBuildPhase section */
		990EE10B1ED6DB2E00F1FB23 /* Sources */ = {
			isa = PBXSourcesBuildPhase;
			buildActionMask = 2147483647;
			files = (
				990EE1B01ED710F500F1FB23 /* fft.c in Sources */,
				990EE1A51ED710F500F1FB23 /* avio.c in Sources */,
				990EE1AF1ED710F500F1FB23 /* error_resilience.c in Sources */,
				990EE1B61ED710F500F1FB23 /* mem.c in Sources */,
				990EE1A91ED710F500F1FB23 /* common.c in Sources */,
				990EE19F1ED710F500F1FB23 /* asf.c in Sources */,
				990EE1BA1ED710F500F1FB23 /* parser.c in Sources */,
				990EE1BC1ED710F500F1FB23 /* simple_idct.c in Sources */,
				990EE1B71ED710F500F1FB23 /* mpegvideo.c in Sources */,
				990EE1BE1ED710F500F1FB23 /* svq3.c in Sources */,
				990EE1C31ED710F500F1FB23 /* wmadec.c in Sources */,
				990EE19E1ED710F500F1FB23 /* allformats.c in Sources */,
				990EE1B21ED710F500F1FB23 /* futils.c in Sources */,
				990EE1B31ED710F500F1FB23 /* imgconvert.c in Sources */,
				990EE1A01ED710F500F1FB23 /* Audio.c in Sources */,
				990EE1AC1ED710F500F1FB23 /* cutils.c in Sources */,
				990EE1A71ED710F500F1FB23 /* aviobuf.c in Sources */,
				990EE1AD1ED710F500F1FB23 /* dsputil.c in Sources */,
				990EE1B41ED710F500F1FB23 /* jrevdct.c in Sources */,
				990EE19D1ED710F500F1FB23 /* allcodecs.c in Sources */,
				990EE1C11ED710F500F1FB23 /* vp3dsp.c in Sources */,
				990EE1B11ED710F500F1FB23 /* file.c in Sources */,
				990EE1B51ED710F500F1FB23 /* mdct.c in Sources */,
				990EE1BF1ED710F500F1FB23 /* utils.c in Sources */,
			);
			runOnlyForDeploymentPostprocessing = 0;
		};
		990EE1C41ED7127200F1FB23 /* Sources */ = {
			isa = PBXSourcesBuildPhase;
			buildActionMask = 2147483647;
			files = (
				990EE1CB1ED7127200F1FB23 /* main.c in Sources */,
			);
			runOnlyForDeploymentPostprocessing = 0;
		};
/* End PBXSourcesBuildPhase section */

/* Begin XCBuildConfiguration section */
		990EE1161ED6DB2E00F1FB23 /* Debug */ = {
			isa = XCBuildConfiguration;
			buildSettings = {
				ALWAYS_SEARCH_USER_PATHS = NO;
				CLANG_ANALYZER_NONNULL = YES;
				CLANG_ANALYZER_NUMBER_OBJECT_CONVERSION = YES_AGGRESSIVE;
				CLANG_CXX_LANGUAGE_STANDARD = "gnu++0x";
				CLANG_CXX_LIBRARY = "libc++";
				CLANG_ENABLE_MODULES = YES;
				CLANG_ENABLE_OBJC_ARC = YES;
				CLANG_WARN_BOOL_CONVERSION = YES;
				CLANG_WARN_CONSTANT_CONVERSION = YES;
				CLANG_WARN_DIRECT_OBJC_ISA_USAGE = YES_ERROR;
				CLANG_WARN_DOCUMENTATION_COMMENTS = YES;
				CLANG_WARN_EMPTY_BODY = YES;
				CLANG_WARN_ENUM_CONVERSION = YES;
				CLANG_WARN_INFINITE_RECURSION = YES;
				CLANG_WARN_INT_CONVERSION = YES;
				CLANG_WARN_OBJC_ROOT_CLASS = YES_ERROR;
				CLANG_WARN_SUSPICIOUS_MOVE = YES;
				CLANG_WARN_UNREACHABLE_CODE = YES;
				CLANG_WARN__DUPLICATE_METHOD_MATCH = YES;
				CODE_SIGN_IDENTITY = "-";
				COPY_PHASE_STRIP = NO;
				DEBUG_INFORMATION_FORMAT = dwarf;
				ENABLE_STRICT_OBJC_MSGSEND = YES;
				ENABLE_TESTABILITY = YES;
				GCC_C_LANGUAGE_STANDARD = gnu99;
				GCC_DYNAMIC_NO_PIC = NO;
				GCC_NO_COMMON_BLOCKS = YES;
				GCC_OPTIMIZATION_LEVEL = 0;
				GCC_PREPROCESSOR_DEFINITIONS = (
					"DEBUG=1",
					"$(inherited)",
				);
				GCC_WARN_64_TO_32_BIT_CONVERSION = YES;
				GCC_WARN_ABOUT_RETURN_TYPE = YES_ERROR;
				GCC_WARN_UNDECLARED_SELECTOR = YES;
				GCC_WARN_UNINITIALIZED_AUTOS = YES_AGGRESSIVE;
				GCC_WARN_UNUSED_FUNCTION = YES;
				GCC_WARN_UNUSED_VARIABLE = YES;
				MACOSX_DEPLOYMENT_TARGET = 10.12;
				MTL_ENABLE_DEBUG_INFO = YES;
				ONLY_ACTIVE_ARCH = YES;
				SDKROOT = macosx;
			};
			name = Debug;
		};
		990EE1171ED6DB2E00F1FB23 /* Release */ = {
			isa = XCBuildConfiguration;
			buildSettings = {
				ALWAYS_SEARCH_USER_PATHS = NO;
				CLANG_ANALYZER_NONNULL = YES;
				CLANG_ANALYZER_NUMBER_OBJECT_CONVERSION = YES_AGGRESSIVE;
				CLANG_CXX_LANGUAGE_STANDARD = "gnu++0x";
				CLANG_CXX_LIBRARY = "libc++";
				CLANG_ENABLE_MODULES = YES;
				CLANG_ENABLE_OBJC_ARC = YES;
				CLANG_WARN_BOOL_CONVERSION = YES;
				CLANG_WARN_CONSTANT_CONVERSION = YES;
				CLANG_WARN_DIRECT_OBJC_ISA_USAGE = YES_ERROR;
				CLANG_WARN_DOCUMENTATION_COMMENTS = YES;
				CLANG_WARN_EMPTY_BODY = YES;
				CLANG_WARN_ENUM_CONVERSION = YES;
				CLANG_WARN_INFINITE_RECURSION = YES;
				CLANG_WARN_INT_CONVERSION = YES;
				CLANG_WARN_OBJC_ROOT_CLASS = YES_ERROR;
				CLANG_WARN_SUSPICIOUS_MOVE = YES;
				CLANG_WARN_UNREACHABLE_CODE = YES;
				CLANG_WARN__DUPLICATE_METHOD_MATCH = YES;
				CODE_SIGN_IDENTITY = "-";
				COPY_PHASE_STRIP = NO;
				DEBUG_INFORMATION_FORMAT = "dwarf-with-dsym";
				ENABLE_NS_ASSERTIONS = NO;
				ENABLE_STRICT_OBJC_MSGSEND = YES;
				GCC_C_LANGUAGE_STANDARD = gnu99;
				GCC_NO_COMMON_BLOCKS = YES;
				GCC_WARN_64_TO_32_BIT_CONVERSION = YES;
				GCC_WARN_ABOUT_RETURN_TYPE = YES_ERROR;
				GCC_WARN_UNDECLARED_SELECTOR = YES;
				GCC_WARN_UNINITIALIZED_AUTOS = YES_AGGRESSIVE;
				GCC_WARN_UNUSED_FUNCTION = YES;
				GCC_WARN_UNUSED_VARIABLE = YES;
				MACOSX_DEPLOYMENT_TARGET = 10.12;
				MTL_ENABLE_DEBUG_INFO = NO;
				SDKROOT = macosx;
			};
			name = Release;
		};
		990EE1191ED6DB2E00F1FB23 /* Debug */ = {
			isa = XCBuildConfiguration;
			buildSettings = {
				DEVELOPMENT_TEAM = BTYMLC65YS;
				DYLIB_COMPATIBILITY_VERSION = 1;
				DYLIB_CURRENT_VERSION = 1;
				EXECUTABLE_PREFIX = lib;
				PRODUCT_NAME = "$(TARGET_NAME)";
			};
			name = Debug;
		};
		990EE11A1ED6DB2E00F1FB23 /* Release */ = {
			isa = XCBuildConfiguration;
			buildSettings = {
				DEVELOPMENT_TEAM = BTYMLC65YS;
				DYLIB_COMPATIBILITY_VERSION = 1;
				DYLIB_CURRENT_VERSION = 1;
				EXECUTABLE_PREFIX = lib;
				PRODUCT_NAME = "$(TARGET_NAME)";
			};
			name = Release;
		};
		990EE1CC1ED7127200F1FB23 /* Debug */ = {
			isa = XCBuildConfiguration;
			buildSettings = {
				DEVELOPMENT_TEAM = BTYMLC65YS;
				PRODUCT_NAME = "$(TARGET_NAME)";
			};
			name = Debug;
		};
		990EE1CD1ED7127200F1FB23 /* Release */ = {
			isa = XCBuildConfiguration;
			buildSettings = {
				DEVELOPMENT_TEAM = BTYMLC65YS;
				PRODUCT_NAME = "$(TARGET_NAME)";
			};
			name = Release;
		};
/* End XCBuildConfiguration section */

/* Begin XCConfigurationList section */
		990EE10A1ED6DB2E00F1FB23 /* Build configuration list for PBXProject "WmaDecoder" */ = {
			isa = XCConfigurationList;
			buildConfigurations = (
				990EE1161ED6DB2E00F1FB23 /* Debug */,
				990EE1171ED6DB2E00F1FB23 /* Release */,
			);
			defaultConfigurationIsVisible = 0;
			defaultConfigurationName = Release;
		};
		990EE1181ED6DB2E00F1FB23 /* Build configuration list for PBXNativeTarget "WmaDecoder" */ = {
			isa = XCConfigurationList;
			buildConfigurations = (
				990EE1191ED6DB2E00F1FB23 /* Debug */,
				990EE11A1ED6DB2E00F1FB23 /* Release */,
			);
			defaultConfigurationIsVisible = 0;
			defaultConfigurationName = Release;
		};
		990EE1CE1ED7127200F1FB23 /* Build configuration list for PBXNativeTarget "WmaDecoderTest" */ = {
			isa = XCConfigurationList;
			buildConfigurations = (
				990EE1CC1ED7127200F1FB23 /* Debug */,
				990EE1CD1ED7127200F1FB23 /* Release */,
			);
			defaultConfigurationIsVisible = 0;
		};
/* End XCConfigurationList section */
	};
	rootObject = 990EE1071ED6DB2E00F1FB23 /* Project object */;
}
